
Microsoft Visual Studio Solution File, Format Version 12.00
# Visual Studio Version 17
VisualStudioVersion = 17.3.32929.385
MinimumVisualStudioVersion = 10.0.40219.1
Project("{9A19103F-16F7-4668-BE54-9A1E7A4F7556}") = "AdvertWeb", "AdvertWeb.csproj", "{4AD11B73-E61D-4C64-8D5E-B6BDBA2F9F27}"
EndProject
Project("{2150E333-8FDC-42A3-9474-1A3956D46DE8}") = "Solution Items", "Solution Items", "{665CD758-802F-451B-8C9B-C2F62216D635}"
	ProjectSection(SolutionItems) = preProject
		..\.gitignore = ..\.gitignore
		..\README.md = ..\README.md
	EndProjectSection
EndProject
Global
	GlobalSection(SolutionConfigurationPlatforms) = preSolution
		Debug|Any CPU = Debug|Any CPU
		Release|Any CPU = Release|Any CPU
	EndGlobalSection
	GlobalSection(ProjectConfigurationPlatforms) = postSolution
		{4AD11B73-E61D-4C64-8D5E-B6BDBA2F9F27}.Debug|Any CPU.ActiveCfg = Debug|Any CPU
		{4AD11B73-E61D-4C64-8D5E-B6BDBA2F9F27}.Debug|Any CPU.Build.0 = Debug|Any CPU
		{4AD11B73-E61D-4C64-8D5E-B6BDBA2F9F27}.Release|Any CPU.ActiveCfg = Release|Any CPU
		{4AD11B73-E61D-4C64-8D5E-B6BDBA2F9F27}.Release|Any CPU.Build.0 = Release|Any CPU
	EndGlobalSection
	GlobalSection(SolutionProperties) = preSolution
		HideSolutionNode = FALSE
	EndGlobalSection
	GlobalSection(ExtensibilityGlobals) = postSolution
		SolutionGuid = {B7DA2EAD-6E26-4740-B7BD-B9DEDCB23E46}
	EndGlobalSection
EndGlobal
